# This file was autogenerated by uv via the following command:
#    uv pip compile requirements-dev.txt --python-version 3.12 --universal --no-strip-markers --index-strategy unsafe-best-match --emit-index-url --output-file requirements-dev.lock
--index-url https://pypi.org/simple
--extra-index-url https://download.pytorch.org/whl/cpu

aiohappyeyeballs==2.7.1
    # via aiohttp
aiohttp==3.14.2
    # via
    #   fsspec
    #   instructor
    #   langchain-community
aiosignal==1.4.0
    # via aiohttp
annotated-doc==0.0.4
    # via
    #   fastapi
    #   typer
annotated-types==0.7.0
    # via pydantic
anyio==4.14.2
    # via
    #   google-genai
    #   groq
    #   httpx
    #   langsmith
    #   openai
    #   starlette
    #   watchfiles
appdirs==1.4.4
    # via ragas
attrs==26.1.0
    # via aiohttp
backoff==2.2.1
    # via posthog
boto3==1.43.52
    # via -r ingestion/requirements.txt
botocore==1.43.52
    # via
    #   boto3
    #   s3transfer
certifi==2026.6.17
    # via
    #   httpcore
    #   httpx
    #   requests
cffi==2.1.0 ; platform_python_implementation != 'PyPy'
    # via cryptography
charset-normalizer==3.4.9
    # via
    #   pdfminer-six
    #   requests
click==8.4.2
    # via
    #   huggingface-hub
    #   rq
    #   uvicorn
cohere==7.0.6
    # via -r retrieval/requirements.txt
colorama==0.4.6 ; sys_platform == 'win32'
    # via
    #   click
    #   pytest
    #   tqdm
    #   typer
coverage==7.15.2
    # via pytest-cov
croniter==6.2.4
    # via rq
cryptography==49.0.0
    # via
    #   google-auth
    #   pdfminer-six
dataclasses-json==0.6.7
    # via langchain-community
datasets==5.0.0
    # via ragas
dill==0.4.1
    # via
    #   datasets
    #   multiprocess
diskcache==5.6.3
    # via ragas
distro==1.9.0
    # via
    #   google-genai
    #   groq
    #   langsmith
    #   openai
    #   posthog
docstring-parser==0.18.0
    # via instructor
fastapi==0.139.2
    # via -r backend/requirements.txt
fastavro==1.12.2
    # via cohere
filelock==3.32.0
    # via
    #   datasets
    #   huggingface-hub
    #   torch
frozenlist==1.8.0
    # via
    #   aiohttp
    #   aiosignal
fsspec==2026.4.0
    # via
    #   datasets
    #   huggingface-hub
    #   torch
google-auth==2.55.2
    # via google-genai
google-genai==2.12.1
    # via -r ingestion/requirements.txt
greenlet==3.5.3 ; platform_machine == 'AMD64' or platform_machine == 'WIN32' or platform_machine == 'aarch64' or platform_machine == 'amd64' or platform_machine == 'ppc64le' or platform_machine == 'win32' or platform_machine == 'x86_64'
    # via sqlalchemy
groq==0.37.1
    # via
    #   -r agents/requirements.txt
    #   langchain-groq
grpcio==1.82.1
    # via qdrant-client
h11==0.16.0
    # via
    #   httpcore
    #   uvicorn
h2==4.3.0
    # via httpx
hf-xet==1.5.2 ; platform_machine == 'AMD64' or platform_machine == 'aarch64' or platform_machine == 'amd64' or platform_machine == 'arm64' or platform_machine == 'x86_64'
    # via huggingface-hub
hpack==4.2.0
    # via h2
httpcore==1.0.9
    # via httpx
httptools==0.8.0
    # via uvicorn
httpx==0.28.1
    # via
    #   -r requirements-dev.txt
    #   cohere
    #   datasets
    #   google-genai
    #   groq
    #   huggingface-hub
    #   langgraph-sdk
    #   langsmith
    #   mem0ai
    #   openai
    #   qdrant-client
httpx-sse==0.4.3
    # via langchain-community
huggingface-hub==1.24.0
    # via
    #   datasets
    #   sentence-transformers
    #   tokenizers
    #   transformers
hyperframe==6.1.0
    # via h2
idna==3.18
    # via
    #   anyio
    #   httpx
    #   requests
    #   yarl
iniconfig==2.3.0
    # via pytest
instructor==1.15.4
    # via ragas
jinja2==3.1.6
    # via
    #   instructor
    #   torch
jiter==0.14.0
    # via
    #   instructor
    #   openai
jmespath==1.1.0
    # via
    #   boto3
    #   botocore
joblib==1.5.3
    # via scikit-learn
jsonpatch==1.33
    # via langchain-core
jsonpointer==3.1.1
    # via jsonpatch
langchain==1.3.14
    # via ragas
langchain-classic==1.0.8
    # via langchain-community
langchain-community==0.4
    # via
    #   -r evaluation/requirements.txt
    #   ragas
langchain-core==1.4.9
    # via
    #   -r evaluation/requirements.txt
    #   langchain
    #   langchain-classic
    #   langchain-community
    #   langchain-groq
    #   langchain-openai
    #   langchain-text-splitters
    #   langgraph
    #   langgraph-checkpoint
    #   langgraph-prebuilt
    #   langgraph-sdk
    #   ragas
langchain-groq==1.1.3
    # via -r evaluation/requirements.txt
langchain-openai==1.3.5
    # via ragas
langchain-protocol==0.0.18
    # via
    #   langchain-core
    #   langgraph-sdk
langchain-text-splitters==1.1.2
    # via langchain-classic
langgraph==1.2.9
    # via
    #   -r agents/requirements.txt
    #   langchain
langgraph-checkpoint==4.1.1
    # via
    #   langgraph
    #   langgraph-prebuilt
langgraph-prebuilt==1.1.0
    # via langgraph
langgraph-sdk==0.4.2
    # via langgraph
langsmith==0.10.9
    # via
    #   langchain-classic
    #   langchain-community
    #   langchain-core
markdown-it-py==4.2.0
    # via rich
markupsafe==3.0.3
    # via jinja2
marshmallow==3.26.2
    # via dataclasses-json
mdurl==0.1.2
    # via markdown-it-py
mem0ai==2.0.12
    # via -r backend/requirements.txt
mpmath==1.3.0
    # via sympy
multidict==6.7.1
    # via
    #   aiohttp
    #   yarl
multiprocess==0.70.19
    # via datasets
mypy-extensions==1.1.0
    # via typing-inspect
narwhals==2.24.0
    # via scikit-learn
neo4j==5.28.4
    # via -r ingestion/requirements.txt
nest-asyncio==1.6.0
    # via ragas
networkx==3.6.1
    # via
    #   ragas
    #   torch
numpy==2.5.1
    # via
    #   datasets
    #   langchain-community
    #   pandas
    #   qdrant-client
    #   ragas
    #   rank-bm25
    #   scikit-learn
    #   scikit-network
    #   scipy
    #   sentence-transformers
    #   transformers
openai==2.46.0
    # via
    #   instructor
    #   langchain-openai
    #   mem0ai
    #   ragas
orjson==3.11.9
    # via
    #   langgraph-sdk
    #   langsmith
ormsgpack==1.12.2
    # via langgraph-checkpoint
packaging==26.2
    # via
    #   datasets
    #   huggingface-hub
    #   langchain-core
    #   langsmith
    #   marshmallow
    #   pytesseract
    #   pytest
    #   transformers
pandas==3.0.3
    # via datasets
pdfminer-six==20260107
    # via pdfplumber
pdfplumber==0.11.10
    # via -r ingestion/requirements.txt
pillow==12.3.0
    # via
    #   -r ingestion/requirements.txt
    #   pdfplumber
    #   pytesseract
    #   ragas
pluggy==1.6.0
    # via
    #   pytest
    #   pytest-cov
portalocker==3.2.0
    # via qdrant-client
posthog==7.27.0
    # via mem0ai
propcache==0.5.2
    # via
    #   aiohttp
    #   yarl
protobuf==6.33.6
    # via
    #   mem0ai
    #   qdrant-client
pyarrow==25.0.0
    # via datasets
pyasn1==0.6.4
    # via pyasn1-modules
pyasn1-modules==0.4.2
    # via google-auth
pycparser==3.0 ; implementation_name != 'PyPy' and platform_python_implementation != 'PyPy'
    # via cffi
pydantic==2.13.4
    # via
    #   cohere
    #   fastapi
    #   google-genai
    #   groq
    #   instructor
    #   langchain
    #   langchain-classic
    #   langchain-core
    #   langgraph
    #   langsmith
    #   mem0ai
    #   openai
    #   pydantic-settings
    #   qdrant-client
    #   ragas
pydantic-core==2.46.4
    # via
    #   cohere
    #   instructor
    #   pydantic
pydantic-settings==2.14.2
    # via langchain-community
pygments==2.20.0
    # via
    #   pytest
    #   rich
pypdfium2==5.12.1
    # via pdfplumber
pytesseract==0.3.13
    # via -r ingestion/requirements.txt
pytest==9.1.1
    # via
    #   -r requirements-dev.txt
    #   pytest-cov
pytest-cov==7.1.0
    # via -r requirements-dev.txt
python-dateutil==2.9.0.post0
    # via
    #   botocore
    #   croniter
    #   pandas
python-dotenv==1.2.2
    # via
    #   -r ingestion/requirements.txt
    #   pydantic-settings
    #   uvicorn
pytz==2026.2
    # via
    #   mem0ai
    #   neo4j
pywin32==312 ; sys_platform == 'win32'
    # via portalocker
pyyaml==6.0.3
    # via
    #   datasets
    #   huggingface-hub
    #   langchain-classic
    #   langchain-community
    #   langchain-core
    #   transformers
    #   uvicorn
qdrant-client==1.18.0
    # via
    #   -r retrieval/requirements.txt
    #   mem0ai
ragas==0.4.3
    # via -r evaluation/requirements.txt
rank-bm25==0.2.2
    # via -r retrieval/requirements.txt
redis==8.0.1
    # via
    #   -r ingestion/requirements.txt
    #   rq
regex==2026.7.19
    # via
    #   tiktoken
    #   transformers
requests==2.34.2
    # via
    #   cohere
    #   datasets
    #   google-auth
    #   google-genai
    #   instructor
    #   langchain-classic
    #   langchain-community
    #   langsmith
    #   posthog
    #   requests-toolbelt
    #   tiktoken
requests-toolbelt==1.0.0
    # via langsmith
rich==14.3.4
    # via
    #   instructor
    #   ragas
    #   typer
rq==2.10.0
    # via -r ingestion/requirements.txt
s3transfer==0.19.1
    # via boto3
safetensors==0.8.0
    # via transformers
scikit-learn==1.9.0
    # via sentence-transformers
scikit-network==0.33.5
    # via ragas
scipy==1.18.0
    # via
    #   scikit-learn
    #   scikit-network
    #   sentence-transformers
sentence-transformers==5.6.0
    # via -r retrieval/requirements.txt
setuptools==83.0.0
    # via torch
shellingham==1.5.4
    # via typer
six==1.17.0
    # via python-dateutil
sniffio==1.3.1
    # via
    #   google-genai
    #   groq
    #   langsmith
    #   openai
sqlalchemy==2.0.51
    # via
    #   langchain-classic
    #   langchain-community
    #   mem0ai
starlette==1.3.1
    # via fastapi
sympy==1.14.0
    # via torch
tenacity==9.1.4
    # via
    #   google-genai
    #   instructor
    #   langchain-community
    #   langchain-core
threadpoolctl==3.6.0
    # via scikit-learn
tiktoken==0.13.0
    # via
    #   langchain-openai
    #   ragas
tokenizers==0.22.2
    # via
    #   cohere
    #   transformers
torch==2.13.0+cpu
    # via
    #   -r retrieval/requirements.txt
    #   sentence-transformers
tqdm==4.69.0
    # via
    #   datasets
    #   huggingface-hub
    #   openai
    #   ragas
    #   sentence-transformers
    #   transformers
transformers==5.14.1
    # via sentence-transformers
truststore==0.10.4
    # via -r ingestion/requirements.txt
typer==0.27.0
    # via
    #   instructor
    #   ragas
    #   transformers
types-requests==2.33.0.20260712
    # via cohere
typing-extensions==4.16.0
    # via
    #   aiohttp
    #   aiosignal
    #   anyio
    #   cohere
    #   fastapi
    #   google-genai
    #   groq
    #   grpcio
    #   huggingface-hub
    #   langchain-core
    #   langchain-protocol
    #   langsmith
    #   openai
    #   posthog
    #   pydantic
    #   pydantic-core
    #   sentence-transformers
    #   sqlalchemy
    #   starlette
    #   torch
    #   typing-inspect
    #   typing-inspection
typing-inspect==0.9.0
    # via dataclasses-json
typing-inspection==0.4.2
    # via
    #   fastapi
    #   pydantic
    #   pydantic-settings
tzdata==2026.3 ; sys_platform == 'emscripten' or sys_platform == 'win32'
    # via pandas
urllib3==2.7.0
    # via
    #   botocore
    #   qdrant-client
    #   requests
    #   types-requests
uuid-utils==0.17.0
    # via
    #   langchain-core
    #   langsmith
uvicorn==0.51.0
    # via -r backend/requirements.txt
uvloop==0.22.1 ; platform_python_implementation != 'PyPy' and sys_platform != 'cygwin' and sys_platform != 'win32'
    # via uvicorn
watchdog==6.0.0
    # via -r ingestion/requirements.txt
watchfiles==1.2.0
    # via uvicorn
websockets==15.0.1
    # via
    #   google-genai
    #   langgraph-sdk
    #   langsmith
    #   uvicorn
xxhash==3.8.1
    # via
    #   datasets
    #   langgraph
    #   langsmith
yarl==1.24.5
    # via aiohttp
zstandard==0.25.0
    # via langsmith
